
Microsoft Visual Studio Solution File, Format Version 12.00
# Visual Studio Version 17
VisualStudioVersion = 17.7.34221.43
MinimumVisualStudioVersion = 10.0.40219.1
Project("{FAE04EC0-301F-11D3-BF4B-00C04F79EFBC}") = "MergeLabs", "MergeLabs.csproj", "{138AAA26-5836-4FF8-AFFE-61F4DD42D543}"
EndProject
Global
	GlobalSection(SolutionConfigurationPlatforms) = preSolution
		Debug|Any CPU = Debug|Any CPU
		Release|Any CPU = Release|Any CPU
	EndGlobalSection
	GlobalSection(ProjectConfigurationPlatforms) = postSolution
		{138AAA26-5836-4FF8-AFFE-61F4DD42D543}.Debug|Any CPU.ActiveCfg = Debug|Any CPU
		{138AAA26-5836-4FF8-AFFE-61F4DD42D543}.Debug|Any CPU.Build.0 = Debug|Any CPU
		{138AAA26-5836-4FF8-AFFE-61F4DD42D543}.Release|Any CPU.ActiveCfg = Release|Any CPU
		{138AAA26-5836-4FF8-AFFE-61F4DD42D543}.Release|Any CPU.Build.0 = Release|Any CPU
	EndGlobalSection
	GlobalSection(SolutionProperties) = preSolution
		HideSolutionNode = FALSE
	EndGlobalSection
	GlobalSection(ExtensibilityGlobals) = postSolution
		SolutionGuid = {C8B5E2BB-8101-4A22-B933-31C5C9E8D732}
	EndGlobalSection
EndGlobal
